github.com/go-sql-driver/mysql v1.7.1 h1:lUIinVbN1DY0xBg0eMOzmmtGoHwWBbvnWubQUrtU8EI=
github.com/go-sql-driver/mysql v1.7.1/go.mod h1:OXbVy3sEdcQ2Doequ6Z5BW6fXNQTmx+9S1MCJN5yJMI=
github.com/google/uuid v1.3.0 h1:t6JiXgmwXMjEs8VusXIJk2BXHsn+wx8BZdTaoZ5fu7I=
github.com/google/uuid v1.3.0/go.mod h1:TIyPZe4MgqvfeYDBFedMoGGpEw/LqOeaOT+nhxU+yHo=
github.com/logotipiwe/dc_go_env_lib v0.0.5 h1:h57uQxde4BCU7EBOYoAjNZJFSUNNFAe7pwFF2TzGNZw=
github.com/logotipiwe/dc_go_env_lib v0.0.5/go.mod h1:HN8cGisuq49hkEj+A1uOXnvHcWPWWKq6mVE7yJpxlY4=
github.com/logotipiwe/dc_go_utils v1.0.4 h1:L8IF0qOdB3tAOFsL1RqUtqT/0MrJZVkQwAoDsGUff4A=
github.com/logotipiwe/dc_go_utils v1.0.4/go.mod h1:DWXDE69F5qh2TlyZptm/9qijWDACE93GDz6bOYWqeQg=
